// !$*UTF8*$!
{
	archiveVersion = 1;
	classes = {
	};
	objectVersion = 56;
	objects = {

/* Begin PBXBuildFile section */
		6FBCF6222979116A007CBA24 /* ___Xylophone_SUIApp.swift in Sources */ = {isa = PBXBuildFile; fileRef = 6FBCF6212979116A007CBA24 /* ___Xylophone_SUIApp.swift */; };
		6FBCF6242979116A007CBA24 /* ContentView.swift in Sources */ = {isa = PBXBuildFile; fileRef = 6FBCF6232979116A007CBA24 /* ContentView.swift */; };
		6FBCF6262979116C007CBA24 /* Assets.xcassets in Resources */ = {isa = PBXBuildFile; fileRef = 6FBCF6252979116C007CBA24 /* Assets.xcassets */; };
		6FBCF6292979116C007CBA24 /* Preview Assets.xcassets in Resources */ = {isa = PBXBuildFile; fileRef = 6FBCF6282979116C007CBA24 /* Preview Assets.xcassets */; };
		6FBCF63729794A4A007CBA24 /* A.wav in Resources */ = {isa = PBXBuildFile; fileRef = 6FBCF63029794A4A007CBA24 /* A.wav */; };
		6FBCF63829794A4A007CBA24 /* C.wav in Resources */ = {isa = PBXBuildFile; fileRef = 6FBCF63129794A4A007CBA24 /* C.wav */; };
		6FBCF63929794A4A007CBA24 /* B.wav in Resources */ = {isa = PBXBuildFile; fileRef = 6FBCF63229794A4A007CBA24 /* B.wav */; };
		6FBCF63A29794A4A007CBA24 /* F.wav in Resources */ = {isa = PBXBuildFile; fileRef = 6FBCF63329794A4A007CBA24 /* F.wav */; };
		6FBCF63B29794A4A007CBA24 /* G.wav in Resources */ = {isa = PBXBuildFile; fileRef = 6FBCF63429794A4A007CBA24 /* G.wav */; };
		6FBCF63C29794A4A007CBA24 /* E.wav in Resources */ = {isa = PBXBuildFile; fileRef = 6FBCF63529794A4A007CBA24 /* E.wav */; };
		6FBCF63D29794A4A007CBA24 /* D.wav in Resources */ = {isa = PBXBuildFile; fileRef = 6FBCF63629794A4A007CBA24 /* D.wav */; };
/* End PBXBuildFile section */

/* Begin PBXFileReference section */
		6FBCF61E2979116A007CBA24 /* 3. Xylophone-SUI.app */ = {isa = PBXFileReference; explicitFileType = wrapper.application; includeInIndex = 0; path = "3. Xylophone-SUI.app"; sourceTree = BUILT_PRODUCTS_DIR; };
		6FBCF6212979116A007CBA24 /* ___Xylophone_SUIApp.swift */ = {isa = PBXFileReference; lastKnownFileType = sourcecode.swift; path = "___Xylophone_SUIApp.swift"; sourceTree = "<group>"; };
		6FBCF6232979116A007CBA24 /* ContentView.swift */ = {isa = PBXFileReference; lastKnownFileType = sourcecode.swift; path = ContentView.swift; sourceTree = "<group>"; };
		6FBCF6252979116C007CBA24 /* Assets.xcassets */ = {isa = PBXFileReference; lastKnownFileType = folder.assetcatalog; path = Assets.xcassets; sourceTree = "<group>"; };
		6FBCF6282979116C007CBA24 /* Preview Assets.xcassets */ = {isa = PBXFileReference; lastKnownFileType = folder.assetcatalog; path = "Preview Assets.xcassets"; sourceTree = "<group>"; };
		6FBCF63029794A4A007CBA24 /* A.wav */ = {isa = PBXFileReference; lastKnownFileType = audio.wav; path = A.wav; sourceTree = "<group>"; };
		6FBCF63129794A4A007CBA24 /* C.wav */ = {isa = PBXFileReference; lastKnownFileType = audio.wav; path = C.wav; sourceTree = "<group>"; };
		6FBCF63229794A4A007CBA24 /* B.wav */ = {isa = PBXFileReference; lastKnownFileType = audio.wav; path = B.wav; sourceTree = "<group>"; };
		6FBCF63329794A4A007CBA24 /* F.wav */ = {isa = PBXFileReference; lastKnownFileType = audio.wav; path = F.wav; sourceTree = "<group>"; };
		6FBCF63429794A4A007CBA24 /* G.wav */ = {isa = PBXFileReference; lastKnownFileType = audio.wav; path = G.wav; sourceTree = "<group>"; };
		6FBCF63529794A4A007CBA24 /* E.wav */ = {isa = PBXFileReference; lastKnownFileType = audio.wav; path = E.wav; sourceTree = "<group>"; };
		6FBCF63629794A4A007CBA24 /* D.wav */ = {isa = PBXFileReference; lastKnownFileType = audio.wav; path = D.wav; sourceTree = "<group>"; };
/* End PBXFileReference section */

/* Begin PBXFrameworksBuildPhase section */
		6FBCF61B2979116A007CBA24 /* Frameworks */ = {
			isa = PBXFrameworksBuildPhase;
			buildActionMask = 2147483647;
			files = (
			);
			runOnlyForDeploymentPostprocessing = 0;
		};
/* End PBXFrameworksBuildPhase section */

/* Begin PBXGroup section */
		6FBCF6152979116A007CBA24 = {
			isa = PBXGroup;
			children = (
				6FBCF6202979116A007CBA24 /* 3. Xylophone-SUI */,
				6FBCF61F2979116A007CBA24 /* Products */,
			);
			sourceTree = "<group>";
		};
		6FBCF61F2979116A007CBA24 /* Products */ = {
			isa = PBXGroup;
			children = (
				6FBCF61E2979116A007CBA24 /* 3. Xylophone-SUI.app */,
			);
			name = Products;
			sourceTree = "<group>";
		};
		6FBCF6202979116A007CBA24 /* 3. Xylophone-SUI */ = {
			isa = PBXGroup;
			children = (
				6FBCF6212979116A007CBA24 /* ___Xylophone_SUIApp.swift */,
				6FBCF6232979116A007CBA24 /* ContentView.swift */,
				6FBCF6252979116C007CBA24 /* Assets.xcassets */,
				6FBCF62F29794A4A007CBA24 /* Sounds */,
				6FBCF6272979116C007CBA24 /* Preview Content */,
			);
			path = "3. Xylophone-SUI";
			sourceTree = "<group>";
		};
		6FBCF6272979116C007CBA24 /* Preview Content */ = {
			isa = PBXGroup;
			children = (
				6FBCF6282979116C007CBA24 /* Preview Assets.xcassets */,
			);
			path = "Preview Content";
			sourceTree = "<group>";
		};
		6FBCF62F29794A4A007CBA24 /* Sounds */ = {
			isa = PBXGroup;
			children = (
				6FBCF63029794A4A007CBA24 /* A.wav */,
				6FBCF63129794A4A007CBA24 /* C.wav */,
				6FBCF63229794A4A007CBA24 /* B.wav */,
				6FBCF63329794A4A007CBA24 /* F.wav */,
				6FBCF63429794A4A007CBA24 /* G.wav */,
				6FBCF63529794A4A007CBA24 /* E.wav */,
				6FBCF63629794A4A007CBA24 /* D.wav */,
			);
			path = Sounds;
			sourceTree = "<group>";
		};
/* End PBXGroup section */

/* Begin PBXNativeTarget section */
		6FBCF61D2979116A007CBA24 /* 3. Xylophone-SUI */ = {
			isa = PBXNativeTarget;
			buildConfigurationList = 6FBCF62C2979116C007CBA24 /* Build configuration list for PBXNativeTarget "3. Xylophone-SUI" */;
			buildPhases = (
				6FBCF61A2979116A007CBA24 /* Sources */,
				6FBCF61B2979116A007CBA24 /* Frameworks */,
				6FBCF61C2979116A007CBA24 /* Resources */,
			);
			buildRules = (
			);
			dependencies = (
			);
			name = "3. Xylophone-SUI";
			productName = "3. Xylophone-SUI";
			productReference = 6FBCF61E2979116A007CBA24 /* 3. Xylophone-SUI.app */;
			productType = "com.apple.product-type.application";
		};
/* End PBXNativeTarget section */

/* Begin PBXProject section */
		6FBCF6162979116A007CBA24 /* Project object */ = {
			isa = PBXProject;
			attributes = {
				BuildIndependentTargetsInParallel = 1;
				LastSwiftUpdateCheck = 1420;
				LastUpgradeCheck = 1420;
				TargetAttributes = {
					6FBCF61D2979116A007CBA24 = {
						CreatedOnToolsVersion = 14.2;
					};
				};
			};
			buildConfigurationList = 6FBCF6192979116A007CBA24 /* Build configuration list for PBXProject "3. Xylophone-SUI" */;
			compatibilityVersion = "Xcode 14.0";
			developmentRegion = en;
			hasScannedForEncodings = 0;
			knownRegions = (
				en,
				Base,
			);
			mainGroup = 6FBCF6152979116A007CBA24;
			productRefGroup = 6FBCF61F2979116A007CBA24 /* Products */;
			projectDirPath = "";
			projectRoot = "";
			targets = (
				6FBCF61D2979116A007CBA24 /* 3. Xylophone-SUI */,
			);
		};
/* End PBXProject section */

/* Begin PBXResourcesBuildPhase section */
		6FBCF61C2979116A007CBA24 /* Resources */ = {
			isa = PBXResourcesBuildPhase;
			buildActionMask = 2147483647;
			files = (
				6FBCF63D29794A4A007CBA24 /* D.wav in Resources */,
				6FBCF63829794A4A007CBA24 /* C.wav in Resources */,
				6FBCF63929794A4A007CBA24 /* B.wav in Resources */,
				6FBCF63729794A4A007CBA24 /* A.wav in Resources */,
				6FBCF63A29794A4A007CBA24 /* F.wav in Resources */,
				6FBCF63B29794A4A007CBA24 /* G.wav in Resources */,
				6FBCF6292979116C007CBA24 /* Preview Assets.xcassets in Resources */,
				6FBCF63C29794A4A007CBA24 /* E.wav in Resources */,
				6FBCF6262979116C007CBA24 /* Assets.xcassets in Resources */,
			);
			runOnlyForDeploymentPostprocessing = 0;
		};
/* End PBXResourcesBuildPhase section */

/* Begin PBXSourcesBuildPhase section */
		6FBCF61A2979116A007CBA24 /* Sources */ = {
			isa = PBXSourcesBuildPhase;
			buildActionMask = 2147483647;
			files = (
				6FBCF6242979116A007CBA24 /* ContentView.swift in Sources */,
				6FBCF6222979116A007CBA24 /* ___Xylophone_SUIApp.swift in Sources */,
			);
			runOnlyForDeploymentPostprocessing = 0;
		};
/* End PBXSourcesBuildPhase section */

/* Begin XCBuildConfiguration section */
		6FBCF62A2979116C007CBA24 /* Debug */ = {
			isa = XCBuildConfiguration;
			buildSettings = {
				ALWAYS_SEARCH_USER_PATHS = NO;
				CLANG_ANALYZER_NONNULL = YES;
				CLANG_ANALYZER_NUMBER_OBJECT_CONVERSION = YES_AGGRESSIVE;
				CLANG_CXX_LANGUAGE_STANDARD = "gnu++20";
				CLANG_ENABLE_MODULES = YES;
				CLANG_ENABLE_OBJC_ARC = YES;
				CLANG_ENABLE_OBJC_WEAK = YES;
				CLANG_WARN_BLOCK_CAPTURE_AUTORELEASING = YES;
				CLANG_WARN_BOOL_CONVERSION = YES;
				CLANG_WARN_COMMA = YES;
				CLANG_WARN_CONSTANT_CONVERSION = YES;
				CLANG_WARN_DEPRECATED_OBJC_IMPLEMENTATIONS = YES;
				CLANG_WARN_DIRECT_OBJC_ISA_USAGE = YES_ERROR;
				CLANG_WARN_DOCUMENTATION_COMMENTS = YES;
				CLANG_WARN_EMPTY_BODY = YES;
				CLANG_WARN_ENUM_CONVERSION = YES;
				CLANG_WARN_INFINITE_RECURSION = YES;
				CLANG_WARN_INT_CONVERSION = YES;
				CLANG_WARN_NON_LITERAL_NULL_CONVERSION = YES;
				CLANG_WARN_OBJC_IMPLICIT_RETAIN_SELF = YES;
				CLANG_WARN_OBJC_LITERAL_CONVERSION = YES;
				CLANG_WARN_OBJC_ROOT_CLASS = YES_ERROR;
				CLANG_WARN_QUOTED_INCLUDE_IN_FRAMEWORK_HEADER = YES;
				CLANG_WARN_RANGE_LOOP_ANALYSIS = YES;
				CLANG_WARN_STRICT_PROTOTYPES = YES;
				CLANG_WARN_SUSPICIOUS_MOVE = YES;
				CLANG_WARN_UNGUARDED_AVAILABILITY = YES_AGGRESSIVE;
				CLANG_WARN_UNREACHABLE_CODE = YES;
				CLANG_WARN__DUPLICATE_METHOD_MATCH = YES;
				COPY_PHASE_STRIP = NO;
				DEBUG_INFORMATION_FORMAT = dwarf;
				ENABLE_STRICT_OBJC_MSGSEND = YES;
				ENABLE_TESTABILITY = YES;
				GCC_C_LANGUAGE_STANDARD = gnu11;
				GCC_DYNAMIC_NO_PIC = NO;
				GCC_NO_COMMON_BLOCKS = YES;
				GCC_OPTIMIZATION_LEVEL = 0;
				GCC_PREPROCESSOR_DEFINITIONS = (
					"DEBUG=1",
					"$(inherited)",
				);
				GCC_WARN_64_TO_32_BIT_CONVERSION = YES;
				GCC_WARN_ABOUT_RETURN_TYPE = YES_ERROR;
				GCC_WARN_UNDECLARED_SELECTOR = YES;
				GCC_WARN_UNINITIALIZED_AUTOS = YES_AGGRESSIVE;
				GCC_WARN_UNUSED_FUNCTION = YES;
				GCC_WARN_UNUSED_VARIABLE = YES;
				IPHONEOS_DEPLOYMENT_TARGET = 16.2;
				MTL_ENABLE_DEBUG_INFO = INCLUDE_SOURCE;
				MTL_FAST_MATH = YES;
				ONLY_ACTIVE_ARCH = YES;
				SDKROOT = iphoneos;
				SWIFT_ACTIVE_COMPILATION_CONDITIONS = DEBUG;
				SWIFT_OPTIMIZATION_LEVEL = "-Onone";
			};
			name = Debug;
		};
		6FBCF62B2979116C007CBA24 /* Release */ = {
			isa = XCBuildConfiguration;
			buildSettings = {
				ALWAYS_SEARCH_USER_PATHS = NO;
				CLANG_ANALYZER_NONNULL = YES;
				CLANG_ANALYZER_NUMBER_OBJECT_CONVERSION = YES_AGGRESSIVE;
				CLANG_CXX_LANGUAGE_STANDARD = "gnu++20";
				CLANG_ENABLE_MODULES = YES;
				CLANG_ENABLE_OBJC_ARC = YES;
				CLANG_ENABLE_OBJC_WEAK = YES;
				CLANG_WARN_BLOCK_CAPTURE_AUTORELEASING = YES;
				CLANG_WARN_BOOL_CONVERSION = YES;
				CLANG_WARN_COMMA = YES;
				CLANG_WARN_CONSTANT_CONVERSION = YES;
				CLANG_WARN_DEPRECATED_OBJC_IMPLEMENTATIONS = YES;
				CLANG_WARN_DIRECT_OBJC_ISA_USAGE = YES_ERROR;
				CLANG_WARN_DOCUMENTATION_COMMENTS = YES;
				CLANG_WARN_EMPTY_BODY = YES;
				CLANG_WARN_ENUM_CONVERSION = YES;
				CLANG_WARN_INFINITE_RECURSION = YES;
				CLANG_WARN_INT_CONVERSION = YES;
				CLANG_WARN_NON_LITERAL_NULL_CONVERSION = YES;
				CLANG_WARN_OBJC_IMPLICIT_RETAIN_SELF = YES;
				CLANG_WARN_OBJC_LITERAL_CONVERSION = YES;
				CLANG_WARN_OBJC_ROOT_CLASS = YES_ERROR;
				CLANG_WARN_QUOTED_INCLUDE_IN_FRAMEWORK_HEADER = YES;
				CLANG_WARN_RANGE_LOOP_ANALYSIS = YES;
				CLANG_WARN_STRICT_PROTOTYPES = YES;
				CLANG_WARN_SUSPICIOUS_MOVE = YES;
				CLANG_WARN_UNGUARDED_AVAILABILITY = YES_AGGRESSIVE;
				CLANG_WARN_UNREACHABLE_CODE = YES;
				CLANG_WARN__DUPLICATE_METHOD_MATCH = YES;
				COPY_PHASE_STRIP = NO;
				DEBUG_INFORMATION_FORMAT = "dwarf-with-dsym";
				ENABLE_NS_ASSERTIONS = NO;
				ENABLE_STRICT_OBJC_MSGSEND = YES;
				GCC_C_LANGUAGE_STANDARD = gnu11;
				GCC_NO_COMMON_BLOCKS = YES;
				GCC_WARN_64_TO_32_BIT_CONVERSION = YES;
				GCC_WARN_ABOUT_RETURN_TYPE = YES_ERROR;
				GCC_WARN_UNDECLARED_SELECTOR = YES;
				GCC_WARN_UNINITIALIZED_AUTOS = YES_AGGRESSIVE;
				GCC_WARN_UNUSED_FUNCTION = YES;
				GCC_WARN_UNUSED_VARIABLE = YES;
				IPHONEOS_DEPLOYMENT_TARGET = 16.2;
				MTL_ENABLE_DEBUG_INFO = NO;
				MTL_FAST_MATH = YES;
				SDKROOT = iphoneos;
				SWIFT_COMPILATION_MODE = wholemodule;
				SWIFT_OPTIMIZATION_LEVEL = "-O";
				VALIDATE_PRODUCT = YES;
			};
			name = Release;
		};
		6FBCF62D2979116C007CBA24 /* Debug */ = {
			isa = XCBuildConfiguration;
			buildSettings = {
				ASSETCATALOG_COMPILER_APPICON_NAME = AppIcon;
				ASSETCATALOG_COMPILER_GLOBAL_ACCENT_COLOR_NAME = AccentColor;
				CODE_SIGN_STYLE = Automatic;
				CURRENT_PROJECT_VERSION = 1;
				DEVELOPMENT_ASSET_PATHS = "\"3. Xylophone-SUI/Preview Content\"";
				DEVELOPMENT_TEAM = 9T65XWHQL7;
				ENABLE_PREVIEWS = YES;
				GENERATE_INFOPLIST_FILE = YES;
				INFOPLIST_KEY_UIApplicationSceneManifest_Generation = YES;
				INFOPLIST_KEY_UIApplicationSupportsIndirectInputEvents = YES;
				INFOPLIST_KEY_UILaunchScreen_Generation = YES;
				INFOPLIST_KEY_UISupportedInterfaceOrientations_iPad = "UIInterfaceOrientationPortrait UIInterfaceOrientationPortraitUpsideDown UIInterfaceOrientationLandscapeLeft UIInterfaceOrientationLandscapeRight";
				INFOPLIST_KEY_UISupportedInterfaceOrientations_iPhone = "UIInterfaceOrientationPortrait UIInterfaceOrientationLandscapeLeft UIInterfaceOrientationLandscapeRight";
				LD_RUNPATH_SEARCH_PATHS = (
					"$(inherited)",
					"@executable_path/Frameworks",
				);
				MARKETING_VERSION = 1.0;
				PRODUCT_BUNDLE_IDENTIFIER = "ru.MrMurmanProd.---Xylophone-SUI";
				PRODUCT_NAME = "$(TARGET_NAME)";
				SWIFT_EMIT_LOC_STRINGS = YES;
				SWIFT_VERSION = 5.0;
				TARGETED_DEVICE_FAMILY = "1,2";
			};
			name = Debug;
		};
		6FBCF62E2979116C007CBA24 /* Release */ = {
			isa = XCBuildConfiguration;
			buildSettings = {
				ASSETCATALOG_COMPILER_APPICON_NAME = AppIcon;
				ASSETCATALOG_COMPILER_GLOBAL_ACCENT_COLOR_NAME = AccentColor;
				CODE_SIGN_STYLE = Automatic;
				CURRENT_PROJECT_VERSION = 1;
				DEVELOPMENT_ASSET_PATHS = "\"3. Xylophone-SUI/Preview Content\"";
				DEVELOPMENT_TEAM = 9T65XWHQL7;
				ENABLE_PREVIEWS = YES;
				GENERATE_INFOPLIST_FILE = YES;
				INFOPLIST_KEY_UIApplicationSceneManifest_Generation = YES;
				INFOPLIST_KEY_UIApplicationSupportsIndirectInputEvents = YES;
				INFOPLIST_KEY_UILaunchScreen_Generation = YES;
				INFOPLIST_KEY_UISupportedInterfaceOrientations_iPad = "UIInterfaceOrientationPortrait UIInterfaceOrientationPortraitUpsideDown UIInterfaceOrientationLandscapeLeft UIInterfaceOrientationLandscapeRight";
				INFOPLIST_KEY_UISupportedInterfaceOrientations_iPhone = "UIInterfaceOrientationPortrait UIInterfaceOrientationLandscapeLeft UIInterfaceOrientationLandscapeRight";
				LD_RUNPATH_SEARCH_PATHS = (
					"$(inherited)",
					"@executable_path/Frameworks",
				);
				MARKETING_VERSION = 1.0;
				PRODUCT_BUNDLE_IDENTIFIER = "ru.MrMurmanProd.---Xylophone-SUI";
				PRODUCT_NAME = "$(TARGET_NAME)";
				SWIFT_EMIT_LOC_STRINGS = YES;
				SWIFT_VERSION = 5.0;
				TARGETED_DEVICE_FAMILY = "1,2";
			};
			name = Release;
		};
/* End XCBuildConfiguration section */

/* Begin XCConfigurationList section */
		6FBCF6192979116A007CBA24 /* Build configuration list for PBXProject "3. Xylophone-SUI" */ = {
			isa = XCConfigurationList;
			buildConfigurations = (
				6FBCF62A2979116C007CBA24 /* Debug */,
				6FBCF62B2979116C007CBA24 /* Release */,
			);
			defaultConfigurationIsVisible = 0;
			defaultConfigurationName = Release;
		};
		6FBCF62C2979116C007CBA24 /* Build configuration list for PBXNativeTarget "3. Xylophone-SUI" */ = {
			isa = XCConfigurationList;
			buildConfigurations = (
				6FBCF62D2979116C007CBA24 /* Debug */,
				6FBCF62E2979116C007CBA24 /* Release */,
			);
			defaultConfigurationIsVisible = 0;
			defaultConfigurationName = Release;
		};
/* End XCConfigurationList section */
	};
	rootObject = 6FBCF6162979116A007CBA24 /* Project object */;
}
